
Microsoft Visual Studio Solution File, Format Version 12.00
# Visual Studio Version 16
VisualStudioVersion = 16.0.31112.23
MinimumVisualStudioVersion = 10.0.40219.1
Project("{9A19103F-16F7-4668-BE54-9A1E7A4F7556}") = "CSB.Repository", "CSB.Repository\CSB.Repository.csproj", "{B75B192B-263C-4AC1-B895-7A5F7DAD1929}"
EndProject
Project("{9A19103F-16F7-4668-BE54-9A1E7A4F7556}") = "CSB.Business", "CSB.Business\CSB.Business.csproj", "{10D6FF92-4306-4CAE-A21D-C6F5496C7F96}"
EndProject
Project("{9A19103F-16F7-4668-BE54-9A1E7A4F7556}") = "CSB.Console", "CSB.Console\CSB.Console.csproj", "{2C9C4169-80D1-415F-B166-DB571593DC9E}"
EndProject
Project("{9A19103F-16F7-4668-BE54-9A1E7A4F7556}") = "CSB.GUI", "CSB.GUI\CSB.GUI.csproj", "{7BB82028-FC0A-43C4-A1F1-3C9BD66C856B}"
EndProject
Project("{FAE04EC0-301F-11D3-BF4B-00C04F79EFBC}") = "CSB.Business.UnitTests", "CSB.Business.UnitTests\CSB.Business.UnitTests.csproj", "{F30056EF-BDDC-4838-9671-AF95E3F9D0F4}"
EndProject
Global
	GlobalSection(SolutionConfigurationPlatforms) = preSolution
		Debug|Any CPU = Debug|Any CPU
		Release|Any CPU = Release|Any CPU
	EndGlobalSection
	GlobalSection(ProjectConfigurationPlatforms) = postSolution
		{B75B192B-263C-4AC1-B895-7A5F7DAD1929}.Debug|Any CPU.ActiveCfg = Debug|Any CPU
		{B75B192B-263C-4AC1-B895-7A5F7DAD1929}.Debug|Any CPU.Build.0 = Debug|Any CPU
		{B75B192B-263C-4AC1-B895-7A5F7DAD1929}.Release|Any CPU.ActiveCfg = Release|Any CPU
		{B75B192B-263C-4AC1-B895-7A5F7DAD1929}.Release|Any CPU.Build.0 = Release|Any CPU
		{10D6FF92-4306-4CAE-A21D-C6F5496C7F96}.Debug|Any CPU.ActiveCfg = Debug|Any CPU
		{10D6FF92-4306-4CAE-A21D-C6F5496C7F96}.Debug|Any CPU.Build.0 = Debug|Any CPU
		{10D6FF92-4306-4CAE-A21D-C6F5496C7F96}.Release|Any CPU.ActiveCfg = Release|Any CPU
		{10D6FF92-4306-4CAE-A21D-C6F5496C7F96}.Release|Any CPU.Build.0 = Release|Any CPU
		{2C9C4169-80D1-415F-B166-DB571593DC9E}.Debug|Any CPU.ActiveCfg = Debug|Any CPU
		{2C9C4169-80D1-415F-B166-DB571593DC9E}.Debug|Any CPU.Build.0 = Debug|Any CPU
		{2C9C4169-80D1-415F-B166-DB571593DC9E}.Release|Any CPU.ActiveCfg = Release|Any CPU
		{2C9C4169-80D1-415F-B166-DB571593DC9E}.Release|Any CPU.Build.0 = Release|Any CPU
		{7BB82028-FC0A-43C4-A1F1-3C9BD66C856B}.Debug|Any CPU.ActiveCfg = Debug|Any CPU
		{7BB82028-FC0A-43C4-A1F1-3C9BD66C856B}.Debug|Any CPU.Build.0 = Debug|Any CPU
		{7BB82028-FC0A-43C4-A1F1-3C9BD66C856B}.Release|Any CPU.ActiveCfg = Release|Any CPU
		{7BB82028-FC0A-43C4-A1F1-3C9BD66C856B}.Release|Any CPU.Build.0 = Release|Any CPU
		{F30056EF-BDDC-4838-9671-AF95E3F9D0F4}.Debug|Any CPU.ActiveCfg = Debug|Any CPU
		{F30056EF-BDDC-4838-9671-AF95E3F9D0F4}.Debug|Any CPU.Build.0 = Debug|Any CPU
		{F30056EF-BDDC-4838-9671-AF95E3F9D0F4}.Release|Any CPU.ActiveCfg = Release|Any CPU
		{F30056EF-BDDC-4838-9671-AF95E3F9D0F4}.Release|Any CPU.Build.0 = Release|Any CPU
	EndGlobalSection
	GlobalSection(SolutionProperties) = preSolution
		HideSolutionNode = FALSE
	EndGlobalSection
	GlobalSection(ExtensibilityGlobals) = postSolution
		SolutionGuid = {2F0A17F4-CE25-4DC7-B536-8AAD8849E214}
	EndGlobalSection
EndGlobal
